
Microsoft Visual Studio Solution File, Format Version 12.00
# Visual Studio Version 16
Project("{8BC9CEB8-8B4A-11D0-8D11-00A0C91BC942}") = "ALL_BUILD", "ALL_BUILD.vcxproj", "{08928C25-E9C6-3D35-9109-6DFBB4F913B7}"
	ProjectSection(ProjectDependencies) = postProject
		{1524D709-AF68-3A2B-924C-064B05E5D026} = {1524D709-AF68-3A2B-924C-064B05E5D026}
		{248DA5CA-EE8E-3AB1-902C-6305E1D2BD3C} = {248DA5CA-EE8E-3AB1-902C-6305E1D2BD3C}
		{FA695241-04B5-31D1-BF90-BE7CFD201026} = {FA695241-04B5-31D1-BF90-BE7CFD201026}
		{B299687A-DBFE-3EBD-BEFD-65F6511E0288} = {B299687A-DBFE-3EBD-BEFD-65F6511E0288}
		{8D3BBC7F-B7D8-3AAB-AB5D-95E1B7F7C879} = {8D3BBC7F-B7D8-3AAB-AB5D-95E1B7F7C879}
	EndProjectSection
EndProject
Project("{8BC9CEB8-8B4A-11D0-8D11-00A0C91BC942}") = "GLAD", "GLAD.vcxproj", "{1524D709-AF68-3A2B-924C-064B05E5D026}"
	ProjectSection(ProjectDependencies) = postProject
		{FA695241-04B5-31D1-BF90-BE7CFD201026} = {FA695241-04B5-31D1-BF90-BE7CFD201026}
	EndProjectSection
EndProject
Project("{8BC9CEB8-8B4A-11D0-8D11-00A0C91BC942}") = "STB_IMAGE", "STB_IMAGE.vcxproj", "{248DA5CA-EE8E-3AB1-902C-6305E1D2BD3C}"
	ProjectSection(ProjectDependencies) = postProject
		{FA695241-04B5-31D1-BF90-BE7CFD201026} = {FA695241-04B5-31D1-BF90-BE7CFD201026}
	EndProjectSection
EndProject
Project("{8BC9CEB8-8B4A-11D0-8D11-00A0C91BC942}") = "ZERO_CHECK", "ZERO_CHECK.vcxproj", "{FA695241-04B5-31D1-BF90-BE7CFD201026}"
	ProjectSection(ProjectDependencies) = postProject
	EndProjectSection
EndProject
Project("{8BC9CEB8-8B4A-11D0-8D11-00A0C91BC942}") = "my_cg1", "my_cg1.vcxproj", "{B299687A-DBFE-3EBD-BEFD-65F6511E0288}"
	ProjectSection(ProjectDependencies) = postProject
		{1524D709-AF68-3A2B-924C-064B05E5D026} = {1524D709-AF68-3A2B-924C-064B05E5D026}
		{248DA5CA-EE8E-3AB1-902C-6305E1D2BD3C} = {248DA5CA-EE8E-3AB1-902C-6305E1D2BD3C}
		{FA695241-04B5-31D1-BF90-BE7CFD201026} = {FA695241-04B5-31D1-BF90-BE7CFD201026}
	EndProjectSection
EndProject
Project("{8BC9CEB8-8B4A-11D0-8D11-00A0C91BC942}") = "my_cg2", "my_cg2.vcxproj", "{8D3BBC7F-B7D8-3AAB-AB5D-95E1B7F7C879}"
	ProjectSection(ProjectDependencies) = postProject
		{1524D709-AF68-3A2B-924C-064B05E5D026} = {1524D709-AF68-3A2B-924C-064B05E5D026}
		{248DA5CA-EE8E-3AB1-902C-6305E1D2BD3C} = {248DA5CA-EE8E-3AB1-902C-6305E1D2BD3C}
		{FA695241-04B5-31D1-BF90-BE7CFD201026} = {FA695241-04B5-31D1-BF90-BE7CFD201026}
	EndProjectSection
EndProject
Global
	GlobalSection(SolutionConfigurationPlatforms) = preSolution
		Debug|x64 = Debug|x64
		Release|x64 = Release|x64
		MinSizeRel|x64 = MinSizeRel|x64
		RelWithDebInfo|x64 = RelWithDebInfo|x64
	EndGlobalSection
	GlobalSection(ProjectConfigurationPlatforms) = postSolution
		{08928C25-E9C6-3D35-9109-6DFBB4F913B7}.Debug|x64.ActiveCfg = Debug|x64
		{08928C25-E9C6-3D35-9109-6DFBB4F913B7}.Release|x64.ActiveCfg = Release|x64
		{08928C25-E9C6-3D35-9109-6DFBB4F913B7}.MinSizeRel|x64.ActiveCfg = MinSizeRel|x64
		{08928C25-E9C6-3D35-9109-6DFBB4F913B7}.RelWithDebInfo|x64.ActiveCfg = RelWithDebInfo|x64
		{1524D709-AF68-3A2B-924C-064B05E5D026}.Debug|x64.ActiveCfg = Debug|x64
		{1524D709-AF68-3A2B-924C-064B05E5D026}.Debug|x64.Build.0 = Debug|x64
		{1524D709-AF68-3A2B-924C-064B05E5D026}.Release|x64.ActiveCfg = Release|x64
		{1524D709-AF68-3A2B-924C-064B05E5D026}.Release|x64.Build.0 = Release|x64
		{1524D709-AF68-3A2B-924C-064B05E5D026}.MinSizeRel|x64.ActiveCfg = MinSizeRel|x64
		{1524D709-AF68-3A2B-924C-064B05E5D026}.MinSizeRel|x64.Build.0 = MinSizeRel|x64
		{1524D709-AF68-3A2B-924C-064B05E5D026}.RelWithDebInfo|x64.ActiveCfg = RelWithDebInfo|x64
		{1524D709-AF68-3A2B-924C-064B05E5D026}.RelWithDebInfo|x64.Build.0 = RelWithDebInfo|x64
		{248DA5CA-EE8E-3AB1-902C-6305E1D2BD3C}.Debug|x64.ActiveCfg = Debug|x64
		{248DA5CA-EE8E-3AB1-902C-6305E1D2BD3C}.Debug|x64.Build.0 = Debug|x64
		{248DA5CA-EE8E-3AB1-902C-6305E1D2BD3C}.Release|x64.ActiveCfg = Release|x64
		{248DA5CA-EE8E-3AB1-902C-6305E1D2BD3C}.Release|x64.Build.0 = Release|x64
		{248DA5CA-EE8E-3AB1-902C-6305E1D2BD3C}.MinSizeRel|x64.ActiveCfg = MinSizeRel|x64
		{248DA5CA-EE8E-3AB1-902C-6305E1D2BD3C}.MinSizeRel|x64.Build.0 = MinSizeRel|x64
		{248DA5CA-EE8E-3AB1-902C-6305E1D2BD3C}.RelWithDebInfo|x64.ActiveCfg = RelWithDebInfo|x64
		{248DA5CA-EE8E-3AB1-902C-6305E1D2BD3C}.RelWithDebInfo|x64.Build.0 = RelWithDebInfo|x64
		{FA695241-04B5-31D1-BF90-BE7CFD201026}.Debug|x64.ActiveCfg = Debug|x64
		{FA695241-04B5-31D1-BF90-BE7CFD201026}.Debug|x64.Build.0 = Debug|x64
		{FA695241-04B5-31D1-BF90-BE7CFD201026}.Release|x64.ActiveCfg = Release|x64
		{FA695241-04B5-31D1-BF90-BE7CFD201026}.Release|x64.Build.0 = Release|x64
		{FA695241-04B5-31D1-BF90-BE7CFD201026}.MinSizeRel|x64.ActiveCfg = MinSizeRel|x64
		{FA695241-04B5-31D1-BF90-BE7CFD201026}.MinSizeRel|x64.Build.0 = MinSizeRel|x64
		{FA695241-04B5-31D1-BF90-BE7CFD201026}.RelWithDebInfo|x64.ActiveCfg = RelWithDebInfo|x64
		{FA695241-04B5-31D1-BF90-BE7CFD201026}.RelWithDebInfo|x64.Build.0 = RelWithDebInfo|x64
		{B299687A-DBFE-3EBD-BEFD-65F6511E0288}.Debug|x64.ActiveCfg = Debug|x64
		{B299687A-DBFE-3EBD-BEFD-65F6511E0288}.Debug|x64.Build.0 = Debug|x64
		{B299687A-DBFE-3EBD-BEFD-65F6511E0288}.Release|x64.ActiveCfg = Release|x64
		{B299687A-DBFE-3EBD-BEFD-65F6511E0288}.Release|x64.Build.0 = Release|x64
		{B299687A-DBFE-3EBD-BEFD-65F6511E0288}.MinSizeRel|x64.ActiveCfg = MinSizeRel|x64
		{B299687A-DBFE-3EBD-BEFD-65F6511E0288}.MinSizeRel|x64.Build.0 = MinSizeRel|x64
		{B299687A-DBFE-3EBD-BEFD-65F6511E0288}.RelWithDebInfo|x64.ActiveCfg = RelWithDebInfo|x64
		{B299687A-DBFE-3EBD-BEFD-65F6511E0288}.RelWithDebInfo|x64.Build.0 = RelWithDebInfo|x64
		{8D3BBC7F-B7D8-3AAB-AB5D-95E1B7F7C879}.Debug|x64.ActiveCfg = Debug|x64
		{8D3BBC7F-B7D8-3AAB-AB5D-95E1B7F7C879}.Debug|x64.Build.0 = Debug|x64
		{8D3BBC7F-B7D8-3AAB-AB5D-95E1B7F7C879}.Release|x64.ActiveCfg = Release|x64
		{8D3BBC7F-B7D8-3AAB-AB5D-95E1B7F7C879}.Release|x64.Build.0 = Release|x64
		{8D3BBC7F-B7D8-3AAB-AB5D-95E1B7F7C879}.MinSizeRel|x64.ActiveCfg = MinSizeRel|x64
		{8D3BBC7F-B7D8-3AAB-AB5D-95E1B7F7C879}.MinSizeRel|x64.Build.0 = MinSizeRel|x64
		{8D3BBC7F-B7D8-3AAB-AB5D-95E1B7F7C879}.RelWithDebInfo|x64.ActiveCfg = RelWithDebInfo|x64
		{8D3BBC7F-B7D8-3AAB-AB5D-95E1B7F7C879}.RelWithDebInfo|x64.Build.0 = RelWithDebInfo|x64
	EndGlobalSection
	GlobalSection(ExtensibilityGlobals) = postSolution
		SolutionGuid = {0806AF0E-1E47-3A28-845F-C008A5A803DD}
	EndGlobalSection
	GlobalSection(ExtensibilityAddIns) = postSolution
	EndGlobalSection
EndGlobal
